{
  "originHash" : "fd4930ba9a367bfe99fc54468617709df4666509805759a873d38c3392deb1ca",
  "pins" : [
    {
      "identity" : "captur-mobile-ios-sdk",
      "kind" : "remoteSourceControl",
      "location" : "https://gitlab-regional.development.captur.ai/captur/mobile-sdks/captur-mobile-ios-sdk.git",
      "state" : {
        "revision" : "b364ee904f90479ffd1879ab5351685dc986dfee",
        "version" : "0.3.0"
      }
    }
  ],
  "version" : 3
}
