{
  "originHash" : "4d4eda5c4bafe89bd6d0415f30a5d1f629e7b83a2f5e9d49f174726bb3a1840f",
  "pins" : [
    {
      "identity" : "captur-mobile-sdk-ios",
      "kind" : "remoteSourceControl",
      "location" : "https://gitlab.development.captur.ai/Captur/captur-mobile-sdk-ios",
      "state" : {
        "revision" : "522b62f5e8ff25ae4a4e197765acf3057208f25f",
        "version" : "0.2.0"
      }
    }
  ],
  "version" : 3
}
