{
  "originHash" : "1ae8bd695726e3332a25ede11e6a4ef6b51300687055bd5a8b3b65c86fb0c585",
  "pins" : [
    {
      "identity" : "captur-mobile-ios-sdk",
      "kind" : "remoteSourceControl",
      "location" : "https://gitlab.development.captur.ai/captur/mobile-sdks/captur-mobile-ios-sdk.git",
      "state" : {
        "revision" : "f3931834d7874b27ac20a997324933d91b5d8495",
        "version" : "0.4.0"
      }
    }
  ],
  "version" : 3
}
